// !$*UTF8*$!
{
	archiveVersion = 1;
	classes = {
	};
	objectVersion = 55;
	objects = {

/* Begin PBXBuildFile section */
		BCB0213928B7D1CC00F0189F /* TestSwiftUIApp.swift in Sources */ = {isa = PBXBuildFile; fileRef = BCB0213828B7D1CC00F0189F /* TestSwiftUIApp.swift */; };
		BCB0213B28B7D1CC00F0189F /* ContentView.swift in Sources */ = {isa = PBXBuildFile; fileRef = BCB0213A28B7D1CC00F0189F /* ContentView.swift */; };
		BCB0213D28B7D1CD00F0189F /* Assets.xcassets in Resources */ = {isa = PBXBuildFile; fileRef = BCB0213C28B7D1CD00F0189F /* Assets.xcassets */; };
		BCB0214028B7D1CD00F0189F /* Preview Assets.xcassets in Resources */ = {isa = PBXBuildFile; fileRef = BCB0213F28B7D1CD00F0189F /* Preview Assets.xcassets */; };
		BCB0214228B7D1CD00F0189F /* Persistence.swift in Sources */ = {isa = PBXBuildFile; fileRef = BCB0214128B7D1CD00F0189F /* Persistence.swift */; };
		BCB0214528B7D1CD00F0189F /* TestSwiftUI.xcdatamodeld in Sources */ = {isa = PBXBuildFile; fileRef = BCB0214328B7D1CD00F0189F /* TestSwiftUI.xcdatamodeld */; };
		BCB0214F28B7D1CD00F0189F /* TestSwiftUITests.swift in Sources */ = {isa = PBXBuildFile; fileRef = BCB0214E28B7D1CD00F0189F /* TestSwiftUITests.swift */; };
		BCB0215928B7D1CD00F0189F /* TestSwiftUIUITests.swift in Sources */ = {isa = PBXBuildFile; fileRef = BCB0215828B7D1CD00F0189F /* TestSwiftUIUITests.swift */; };
		BCB0215B28B7D1CD00F0189F /* TestSwiftUIUITestsLaunchTests.swift in Sources */ = {isa = PBXBuildFile; fileRef = BCB0215A28B7D1CD00F0189F /* TestSwiftUIUITestsLaunchTests.swift */; };
/* End PBXBuildFile section */

/* Begin PBXContainerItemProxy section */
		BCB0214B28B7D1CD00F0189F /* PBXContainerItemProxy */ = {
			isa = PBXContainerItemProxy;
			containerPortal = BCB0212D28B7D1CC00F0189F /* Project object */;
			proxyType = 1;
			remoteGlobalIDString = BCB0213428B7D1CC00F0189F;
			remoteInfo = TestSwiftUI;
		};
		BCB0215528B7D1CD00F0189F /* PBXContainerItemProxy */ = {
			isa = PBXContainerItemProxy;
			containerPortal = BCB0212D28B7D1CC00F0189F /* Project object */;
			proxyType = 1;
			remoteGlobalIDString = BCB0213428B7D1CC00F0189F;
			remoteInfo = TestSwiftUI;
		};
/* End PBXContainerItemProxy section */

/* Begin PBXFileReference section */
		BCB0213528B7D1CC00F0189F /* TestSwiftUI.app */ = {isa = PBXFileReference; explicitFileType = wrapper.application; includeInIndex = 0; path = TestSwiftUI.app; sourceTree = BUILT_PRODUCTS_DIR; };
		BCB0213828B7D1CC00F0189F /* TestSwiftUIApp.swift */ = {isa = PBXFileReference; lastKnownFileType = sourcecode.swift; path = TestSwiftUIApp.swift; sourceTree = "<group>"; };
		BCB0213A28B7D1CC00F0189F /* ContentView.swift */ = {isa = PBXFileReference; lastKnownFileType = sourcecode.swift; path = ContentView.swift; sourceTree = "<group>"; };
		BCB0213C28B7D1CD00F0189F /* Assets.xcassets */ = {isa = PBXFileReference; lastKnownFileType = folder.assetcatalog; path = Assets.xcassets; sourceTree = "<group>"; };
		BCB0213F28B7D1CD00F0189F /* Preview Assets.xcassets */ = {isa = PBXFileReference; lastKnownFileType = folder.assetcatalog; path = "Preview Assets.xcassets"; sourceTree = "<group>"; };
		BCB0214128B7D1CD00F0189F /* Persistence.swift */ = {isa = PBXFileReference; lastKnownFileType = sourcecode.swift; path = Persistence.swift; sourceTree = "<group>"; };
		BCB0214428B7D1CD00F0189F /* TestSwiftUI.xcdatamodel */ = {isa = PBXFileReference; lastKnownFileType = wrapper.xcdatamodel; path = TestSwiftUI.xcdatamodel; sourceTree = "<group>"; };
		BCB0214A28B7D1CD00F0189F /* TestSwiftUITests.xctest */ = {isa = PBXFileReference; explicitFileType = wrapper.cfbundle; includeInIndex = 0; path = TestSwiftUITests.xctest; sourceTree = BUILT_PRODUCTS_DIR; };
		BCB0214E28B7D1CD00F0189F /* TestSwiftUITests.swift */ = {isa = PBXFileReference; lastKnownFileType = sourcecode.swift; path = TestSwiftUITests.swift; sourceTree = "<group>"; };
		BCB0215428B7D1CD00F0189F /* TestSwiftUIUITests.xctest */ = {isa = PBXFileReference; explicitFileType = wrapper.cfbundle; includeInIndex = 0; path = TestSwiftUIUITests.xctest; sourceTree = BUILT_PRODUCTS_DIR; };
		BCB0215828B7D1CD00F0189F /* TestSwiftUIUITests.swift */ = {isa = PBXFileReference; lastKnownFileType = sourcecode.swift; path = TestSwiftUIUITests.swift; sourceTree = "<group>"; };
		BCB0215A28B7D1CD00F0189F /* TestSwiftUIUITestsLaunchTests.swift */ = {isa = PBXFileReference; lastKnownFileType = sourcecode.swift; path = TestSwiftUIUITestsLaunchTests.swift; sourceTree = "<group>"; };
/* End PBXFileReference section */

/* Begin PBXFrameworksBuildPhase section */
		BCB0213228B7D1CC00F0189F /* Frameworks */ = {
			isa = PBXFrameworksBuildPhase;
			buildActionMask = 2147483647;
			files = (
			);
			runOnlyForDeploymentPostprocessing = 0;
		};
		BCB0214728B7D1CD00F0189F /* Frameworks */ = {
			isa = PBXFrameworksBuildPhase;
			buildActionMask = 2147483647;
			files = (
			);
			runOnlyForDeploymentPostprocessing = 0;
		};
		BCB0215128B7D1CD00F0189F /* Frameworks */ = {
			isa = PBXFrameworksBuildPhase;
			buildActionMask = 2147483647;
			files = (
			);
			runOnlyForDeploymentPostprocessing = 0;
		};
/* End PBXFrameworksBuildPhase section */

/* Begin PBXGroup section */
		BCB0212C28B7D1CC00F0189F = {
			isa = PBXGroup;
			children = (
				BCB0213728B7D1CC00F0189F /* TestSwiftUI */,
				BCB0214D28B7D1CD00F0189F /* TestSwiftUITests */,
				BCB0215728B7D1CD00F0189F /* TestSwiftUIUITests */,
				BCB0213628B7D1CC00F0189F /* Products */,
			);
			sourceTree = "<group>";
		};
		BCB0213628B7D1CC00F0189F /* Products */ = {
			isa = PBXGroup;
			children = (
				BCB0213528B7D1CC00F0189F /* TestSwiftUI.app */,
				BCB0214A28B7D1CD00F0189F /* TestSwiftUITests.xctest */,
				BCB0215428B7D1CD00F0189F /* TestSwiftUIUITests.xctest */,
			);
			name = Products;
			sourceTree = "<group>";
		};
		BCB0213728B7D1CC00F0189F /* TestSwiftUI */ = {
			isa = PBXGroup;
			children = (
				BCB0213828B7D1CC00F0189F /* TestSwiftUIApp.swift */,
				BCB0213A28B7D1CC00F0189F /* ContentView.swift */,
				BCB0213C28B7D1CD00F0189F /* Assets.xcassets */,
				BCB0214128B7D1CD00F0189F /* Persistence.swift */,
				BCB0214328B7D1CD00F0189F /* TestSwiftUI.xcdatamodeld */,
				BCB0213E28B7D1CD00F0189F /* Preview Content */,
			);
			path = TestSwiftUI;
			sourceTree = "<group>";
		};
		BCB0213E28B7D1CD00F0189F /* Preview Content */ = {
			isa = PBXGroup;
			children = (
				BCB0213F28B7D1CD00F0189F /* Preview Assets.xcassets */,
			);
			path = "Preview Content";
			sourceTree = "<group>";
		};
		BCB0214D28B7D1CD00F0189F /* TestSwiftUITests */ = {
			isa = PBXGroup;
			children = (
				BCB0214E28B7D1CD00F0189F /* TestSwiftUITests.swift */,
			);
			path = TestSwiftUITests;
			sourceTree = "<group>";
		};
		BCB0215728B7D1CD00F0189F /* TestSwiftUIUITests */ = {
			isa = PBXGroup;
			children = (
				BCB0215828B7D1CD00F0189F /* TestSwiftUIUITests.swift */,
				BCB0215A28B7D1CD00F0189F /* TestSwiftUIUITestsLaunchTests.swift */,
			);
			path = TestSwiftUIUITests;
			sourceTree = "<group>";
		};
/* End PBXGroup section */

/* Begin PBXNativeTarget section */
		BCB0213428B7D1CC00F0189F /* TestSwiftUI */ = {
			isa = PBXNativeTarget;
			buildConfigurationList = BCB0215E28B7D1CD00F0189F /* Build configuration list for PBXNativeTarget "TestSwiftUI" */;
			buildPhases = (
				BCB0213128B7D1CC00F0189F /* Sources */,
				BCB0213228B7D1CC00F0189F /* Frameworks */,
				BCB0213328B7D1CC00F0189F /* Resources */,
			);
			buildRules = (
			);
			dependencies = (
			);
			name = TestSwiftUI;
			productName = TestSwiftUI;
			productReference = BCB0213528B7D1CC00F0189F /* TestSwiftUI.app */;
			productType = "com.apple.product-type.application";
		};
		BCB0214928B7D1CD00F0189F /* TestSwiftUITests */ = {
			isa = PBXNativeTarget;
			buildConfigurationList = BCB0216128B7D1CD00F0189F /* Build configuration list for PBXNativeTarget "TestSwiftUITests" */;
			buildPhases = (
				BCB0214628B7D1CD00F0189F /* Sources */,
				BCB0214728B7D1CD00F0189F /* Frameworks */,
				BCB0214828B7D1CD00F0189F /* Resources */,
			);
			buildRules = (
			);
			dependencies = (
				BCB0214C28B7D1CD00F0189F /* PBXTargetDependency */,
			);
			name = TestSwiftUITests;
			productName = TestSwiftUITests;
			productReference = BCB0214A28B7D1CD00F0189F /* TestSwiftUITests.xctest */;
			productType = "com.apple.product-type.bundle.unit-test";
		};
		BCB0215328B7D1CD00F0189F /* TestSwiftUIUITests */ = {
			isa = PBXNativeTarget;
			buildConfigurationList = BCB0216428B7D1CD00F0189F /* Build configuration list for PBXNativeTarget "TestSwiftUIUITests" */;
			buildPhases = (
				BCB0215028B7D1CD00F0189F /* Sources */,
				BCB0215128B7D1CD00F0189F /* Frameworks */,
				BCB0215228B7D1CD00F0189F /* Resources */,
			);
			buildRules = (
			);
			dependencies = (
				BCB0215628B7D1CD00F0189F /* PBXTargetDependency */,
			);
			name = TestSwiftUIUITests;
			productName = TestSwiftUIUITests;
			productReference = BCB0215428B7D1CD00F0189F /* TestSwiftUIUITests.xctest */;
			productType = "com.apple.product-type.bundle.ui-testing";
		};
/* End PBXNativeTarget section */

/* Begin PBXProject section */
		BCB0212D28B7D1CC00F0189F /* Project object */ = {
			isa = PBXProject;
			attributes = {
				BuildIndependentTargetsInParallel = 1;
				LastSwiftUpdateCheck = 1340;
				LastUpgradeCheck = 1340;
				TargetAttributes = {
					BCB0213428B7D1CC00F0189F = {
						CreatedOnToolsVersion = 13.4.1;
					};
					BCB0214928B7D1CD00F0189F = {
						CreatedOnToolsVersion = 13.4.1;
						TestTargetID = BCB0213428B7D1CC00F0189F;
					};
					BCB0215328B7D1CD00F0189F = {
						CreatedOnToolsVersion = 13.4.1;
						TestTargetID = BCB0213428B7D1CC00F0189F;
					};
				};
			};
			buildConfigurationList = BCB0213028B7D1CC00F0189F /* Build configuration list for PBXProject "TestSwiftUI" */;
			compatibilityVersion = "Xcode 13.0";
			developmentRegion = en;
			hasScannedForEncodings = 0;
			knownRegions = (
				en,
				Base,
			);
			mainGroup = BCB0212C28B7D1CC00F0189F;
			productRefGroup = BCB0213628B7D1CC00F0189F /* Products */;
			projectDirPath = "";
			projectRoot = "";
			targets = (
				BCB0213428B7D1CC00F0189F /* TestSwiftUI */,
				BCB0214928B7D1CD00F0189F /* TestSwiftUITests */,
				BCB0215328B7D1CD00F0189F /* TestSwiftUIUITests */,
			);
		};
/* End PBXProject section */

/* Begin PBXResourcesBuildPhase section */
		BCB0213328B7D1CC00F0189F /* Resources */ = {
			isa = PBXResourcesBuildPhase;
			buildActionMask = 2147483647;
			files = (
				BCB0214028B7D1CD00F0189F /* Preview Assets.xcassets in Resources */,
				BCB0213D28B7D1CD00F0189F /* Assets.xcassets in Resources */,
			);
			runOnlyForDeploymentPostprocessing = 0;
		};
		BCB0214828B7D1CD00F0189F /* Resources */ = {
			isa = PBXResourcesBuildPhase;
			buildActionMask = 2147483647;
			files = (
			);
			runOnlyForDeploymentPostprocessing = 0;
		};
		BCB0215228B7D1CD00F0189F /* Resources */ = {
			isa = PBXResourcesBuildPhase;
			buildActionMask = 2147483647;
			files = (
			);
			runOnlyForDeploymentPostprocessing = 0;
		};
/* End PBXResourcesBuildPhase section */

/* Begin PBXSourcesBuildPhase section */
		BCB0213128B7D1CC00F0189F /* Sources */ = {
			isa = PBXSourcesBuildPhase;
			buildActionMask = 2147483647;
			files = (
				BCB0214228B7D1CD00F0189F /* Persistence.swift in Sources */,
				BCB0213B28B7D1CC00F0189F /* ContentView.swift in Sources */,
				BCB0213928B7D1CC00F0189F /* TestSwiftUIApp.swift in Sources */,
				BCB0214528B7D1CD00F0189F /* TestSwiftUI.xcdatamodeld in Sources */,
			);
			runOnlyForDeploymentPostprocessing = 0;
		};
		BCB0214628B7D1CD00F0189F /* Sources */ = {
			isa = PBXSourcesBuildPhase;
			buildActionMask = 2147483647;
			files = (
				BCB0214F28B7D1CD00F0189F /* TestSwiftUITests.swift in Sources */,
			);
			runOnlyForDeploymentPostprocessing = 0;
		};
		BCB0215028B7D1CD00F0189F /* Sources */ = {
			isa = PBXSourcesBuildPhase;
			buildActionMask = 2147483647;
			files = (
				BCB0215B28B7D1CD00F0189F /* TestSwiftUIUITestsLaunchTests.swift in Sources */,
				BCB0215928B7D1CD00F0189F /* TestSwiftUIUITests.swift in Sources */,
			);
			runOnlyForDeploymentPostprocessing = 0;
		};
/* End PBXSourcesBuildPhase section */

/* Begin PBXTargetDependency section */
		BCB0214C28B7D1CD00F0189F /* PBXTargetDependency */ = {
			isa = PBXTargetDependency;
			target = BCB0213428B7D1CC00F0189F /* TestSwiftUI */;
			targetProxy = BCB0214B28B7D1CD00F0189F /* PBXContainerItemProxy */;
		};
		BCB0215628B7D1CD00F0189F /* PBXTargetDependency */ = {
			isa = PBXTargetDependency;
			target = BCB0213428B7D1CC00F0189F /* TestSwiftUI */;
			targetProxy = BCB0215528B7D1CD00F0189F /* PBXContainerItemProxy */;
		};
/* End PBXTargetDependency section */

/* Begin XCBuildConfiguration section */
		BCB0215C28B7D1CD00F0189F /* Debug */ = {
			isa = XCBuildConfiguration;
			buildSettings = {
				ALWAYS_SEARCH_USER_PATHS = NO;
				CLANG_ANALYZER_NONNULL = YES;
				CLANG_ANALYZER_NUMBER_OBJECT_CONVERSION = YES_AGGRESSIVE;
				CLANG_CXX_LANGUAGE_STANDARD = "gnu++17";
				CLANG_ENABLE_MODULES = YES;
				CLANG_ENABLE_OBJC_ARC = YES;
				CLANG_ENABLE_OBJC_WEAK = YES;
				CLANG_WARN_BLOCK_CAPTURE_AUTORELEASING = YES;
				CLANG_WARN_BOOL_CONVERSION = YES;
				CLANG_WARN_COMMA = YES;
				CLANG_WARN_CONSTANT_CONVERSION = YES;
				CLANG_WARN_DEPRECATED_OBJC_IMPLEMENTATIONS = YES;
				CLANG_WARN_DIRECT_OBJC_ISA_USAGE = YES_ERROR;
				CLANG_WARN_DOCUMENTATION_COMMENTS = YES;
				CLANG_WARN_EMPTY_BODY = YES;
				CLANG_WARN_ENUM_CONVERSION = YES;
				CLANG_WARN_INFINITE_RECURSION = YES;
				CLANG_WARN_INT_CONVERSION = YES;
				CLANG_WARN_NON_LITERAL_NULL_CONVERSION = YES;
				CLANG_WARN_OBJC_IMPLICIT_RETAIN_SELF = YES;
				CLANG_WARN_OBJC_LITERAL_CONVERSION = YES;
				CLANG_WARN_OBJC_ROOT_CLASS = YES_ERROR;
				CLANG_WARN_QUOTED_INCLUDE_IN_FRAMEWORK_HEADER = YES;
				CLANG_WARN_RANGE_LOOP_ANALYSIS = YES;
				CLANG_WARN_STRICT_PROTOTYPES = YES;
				CLANG_WARN_SUSPICIOUS_MOVE = YES;
				CLANG_WARN_UNGUARDED_AVAILABILITY = YES_AGGRESSIVE;
				CLANG_WARN_UNREACHABLE_CODE = YES;
				CLANG_WARN__DUPLICATE_METHOD_MATCH = YES;
				COPY_PHASE_STRIP = NO;
				DEBUG_INFORMATION_FORMAT = dwarf;
				ENABLE_STRICT_OBJC_MSGSEND = YES;
				ENABLE_TESTABILITY = YES;
				GCC_C_LANGUAGE_STANDARD = gnu11;
				GCC_DYNAMIC_NO_PIC = NO;
				GCC_NO_COMMON_BLOCKS = YES;
				GCC_OPTIMIZATION_LEVEL = 0;
				GCC_PREPROCESSOR_DEFINITIONS = (
					"DEBUG=1",
					"$(inherited)",
				);
				GCC_WARN_64_TO_32_BIT_CONVERSION = YES;
				GCC_WARN_ABOUT_RETURN_TYPE = YES_ERROR;
				GCC_WARN_UNDECLARED_SELECTOR = YES;
				GCC_WARN_UNINITIALIZED_AUTOS = YES_AGGRESSIVE;
				GCC_WARN_UNUSED_FUNCTION = YES;
				GCC_WARN_UNUSED_VARIABLE = YES;
				IPHONEOS_DEPLOYMENT_TARGET = 15.5;
				MTL_ENABLE_DEBUG_INFO = INCLUDE_SOURCE;
				MTL_FAST_MATH = YES;
				ONLY_ACTIVE_ARCH = YES;
				SDKROOT = iphoneos;
				SWIFT_ACTIVE_COMPILATION_CONDITIONS = DEBUG;
				SWIFT_OPTIMIZATION_LEVEL = "-Onone";
			};
			name = Debug;
		};
		BCB0215D28B7D1CD00F0189F /* Release */ = {
			isa = XCBuildConfiguration;
			buildSettings = {
				ALWAYS_SEARCH_USER_PATHS = NO;
				CLANG_ANALYZER_NONNULL = YES;
				CLANG_ANALYZER_NUMBER_OBJECT_CONVERSION = YES_AGGRESSIVE;
				CLANG_CXX_LANGUAGE_STANDARD = "gnu++17";
				CLANG_ENABLE_MODULES = YES;
				CLANG_ENABLE_OBJC_ARC = YES;
				CLANG_ENABLE_OBJC_WEAK = YES;
				CLANG_WARN_BLOCK_CAPTURE_AUTORELEASING = YES;
				CLANG_WARN_BOOL_CONVERSION = YES;
				CLANG_WARN_COMMA = YES;
				CLANG_WARN_CONSTANT_CONVERSION = YES;
				CLANG_WARN_DEPRECATED_OBJC_IMPLEMENTATIONS = YES;
				CLANG_WARN_DIRECT_OBJC_ISA_USAGE = YES_ERROR;
				CLANG_WARN_DOCUMENTATION_COMMENTS = YES;
				CLANG_WARN_EMPTY_BODY = YES;
				CLANG_WARN_ENUM_CONVERSION = YES;
				CLANG_WARN_INFINITE_RECURSION = YES;
				CLANG_WARN_INT_CONVERSION = YES;
				CLANG_WARN_NON_LITERAL_NULL_CONVERSION = YES;
				CLANG_WARN_OBJC_IMPLICIT_RETAIN_SELF = YES;
				CLANG_WARN_OBJC_LITERAL_CONVERSION = YES;
				CLANG_WARN_OBJC_ROOT_CLASS = YES_ERROR;
				CLANG_WARN_QUOTED_INCLUDE_IN_FRAMEWORK_HEADER = YES;
				CLANG_WARN_RANGE_LOOP_ANALYSIS = YES;
				CLANG_WARN_STRICT_PROTOTYPES = YES;
				CLANG_WARN_SUSPICIOUS_MOVE = YES;
				CLANG_WARN_UNGUARDED_AVAILABILITY = YES_AGGRESSIVE;
				CLANG_WARN_UNREACHABLE_CODE = YES;
				CLANG_WARN__DUPLICATE_METHOD_MATCH = YES;
				COPY_PHASE_STRIP = NO;
				DEBUG_INFORMATION_FORMAT = "dwarf-with-dsym";
				ENABLE_NS_ASSERTIONS = NO;
				ENABLE_STRICT_OBJC_MSGSEND = YES;
				GCC_C_LANGUAGE_STANDARD = gnu11;
				GCC_NO_COMMON_BLOCKS = YES;
				GCC_WARN_64_TO_32_BIT_CONVERSION = YES;
				GCC_WARN_ABOUT_RETURN_TYPE = YES_ERROR;
				GCC_WARN_UNDECLARED_SELECTOR = YES;
				GCC_WARN_UNINITIALIZED_AUTOS = YES_AGGRESSIVE;
				GCC_WARN_UNUSED_FUNCTION = YES;
				GCC_WARN_UNUSED_VARIABLE = YES;
				IPHONEOS_DEPLOYMENT_TARGET = 15.5;
				MTL_ENABLE_DEBUG_INFO = NO;
				MTL_FAST_MATH = YES;
				SDKROOT = iphoneos;
				SWIFT_COMPILATION_MODE = wholemodule;
				SWIFT_OPTIMIZATION_LEVEL = "-O";
				VALIDATE_PRODUCT = YES;
			};
			name = Release;
		};
		BCB0215F28B7D1CD00F0189F /* Debug */ = {
			isa = XCBuildConfiguration;
			buildSettings = {
				ASSETCATALOG_COMPILER_APPICON_NAME = AppIcon;
				ASSETCATALOG_COMPILER_GLOBAL_ACCENT_COLOR_NAME = AccentColor;
				CODE_SIGN_STYLE = Automatic;
				CURRENT_PROJECT_VERSION = 1;
				DEVELOPMENT_ASSET_PATHS = "\"TestSwiftUI/Preview Content\"";
				ENABLE_PREVIEWS = YES;
				GENERATE_INFOPLIST_FILE = YES;
				INFOPLIST_KEY_UIApplicationSceneManifest_Generation = YES;
				INFOPLIST_KEY_UIApplicationSupportsIndirectInputEvents = YES;
				INFOPLIST_KEY_UILaunchScreen_Generation = YES;
				INFOPLIST_KEY_UISupportedInterfaceOrientations_iPad = "UIInterfaceOrientationPortrait UIInterfaceOrientationPortraitUpsideDown UIInterfaceOrientationLandscapeLeft UIInterfaceOrientationLandscapeRight";
				INFOPLIST_KEY_UISupportedInterfaceOrientations_iPhone = "UIInterfaceOrientationPortrait UIInterfaceOrientationLandscapeLeft UIInterfaceOrientationLandscapeRight";
				LD_RUNPATH_SEARCH_PATHS = (
					"$(inherited)",
					"@executable_path/Frameworks",
				);
				MARKETING_VERSION = 1.0;
				PRODUCT_BUNDLE_IDENTIFIER = com.vbat.test.TestSwiftUI;
				PRODUCT_NAME = "$(TARGET_NAME)";
				SWIFT_EMIT_LOC_STRINGS = YES;
				SWIFT_VERSION = 5.0;
				TARGETED_DEVICE_FAMILY = "1,2";
			};
			name = Debug;
		};
		BCB0216028B7D1CD00F0189F /* Release */ = {
			isa = XCBuildConfiguration;
			buildSettings = {
				ASSETCATALOG_COMPILER_APPICON_NAME = AppIcon;
				ASSETCATALOG_COMPILER_GLOBAL_ACCENT_COLOR_NAME = AccentColor;
				CODE_SIGN_STYLE = Automatic;
				CURRENT_PROJECT_VERSION = 1;
				DEVELOPMENT_ASSET_PATHS = "\"TestSwiftUI/Preview Content\"";
				ENABLE_PREVIEWS = YES;
				GENERATE_INFOPLIST_FILE = YES;
				INFOPLIST_KEY_UIApplicationSceneManifest_Generation = YES;
				INFOPLIST_KEY_UIApplicationSupportsIndirectInputEvents = YES;
				INFOPLIST_KEY_UILaunchScreen_Generation = YES;
				INFOPLIST_KEY_UISupportedInterfaceOrientations_iPad = "UIInterfaceOrientationPortrait UIInterfaceOrientationPortraitUpsideDown UIInterfaceOrientationLandscapeLeft UIInterfaceOrientationLandscapeRight";
				INFOPLIST_KEY_UISupportedInterfaceOrientations_iPhone = "UIInterfaceOrientationPortrait UIInterfaceOrientationLandscapeLeft UIInterfaceOrientationLandscapeRight";
				LD_RUNPATH_SEARCH_PATHS = (
					"$(inherited)",
					"@executable_path/Frameworks",
				);
				MARKETING_VERSION = 1.0;
				PRODUCT_BUNDLE_IDENTIFIER = com.vbat.test.TestSwiftUI;
				PRODUCT_NAME = "$(TARGET_NAME)";
				SWIFT_EMIT_LOC_STRINGS = YES;
				SWIFT_VERSION = 5.0;
				TARGETED_DEVICE_FAMILY = "1,2";
			};
			name = Release;
		};
		BCB0216228B7D1CD00F0189F /* Debug */ = {
			isa = XCBuildConfiguration;
			buildSettings = {
				ALWAYS_EMBED_SWIFT_STANDARD_LIBRARIES = YES;
				BUNDLE_LOADER = "$(TEST_HOST)";
				CODE_SIGN_STYLE = Automatic;
				CURRENT_PROJECT_VERSION = 1;
				GENERATE_INFOPLIST_FILE = YES;
				IPHONEOS_DEPLOYMENT_TARGET = 15.5;
				MARKETING_VERSION = 1.0;
				PRODUCT_BUNDLE_IDENTIFIER = com.vbat.test.TestSwiftUITests;
				PRODUCT_NAME = "$(TARGET_NAME)";
				SWIFT_EMIT_LOC_STRINGS = NO;
				SWIFT_VERSION = 5.0;
				TARGETED_DEVICE_FAMILY = "1,2";
				TEST_HOST = "$(BUILT_PRODUCTS_DIR)/TestSwiftUI.app/TestSwiftUI";
			};
			name = Debug;
		};
		BCB0216328B7D1CD00F0189F /* Release */ = {
			isa = XCBuildConfiguration;
			buildSettings = {
				ALWAYS_EMBED_SWIFT_STANDARD_LIBRARIES = YES;
				BUNDLE_LOADER = "$(TEST_HOST)";
				CODE_SIGN_STYLE = Automatic;
				CURRENT_PROJECT_VERSION = 1;
				GENERATE_INFOPLIST_FILE = YES;
				IPHONEOS_DEPLOYMENT_TARGET = 15.5;
				MARKETING_VERSION = 1.0;
				PRODUCT_BUNDLE_IDENTIFIER = com.vbat.test.TestSwiftUITests;
				PRODUCT_NAME = "$(TARGET_NAME)";
				SWIFT_EMIT_LOC_STRINGS = NO;
				SWIFT_VERSION = 5.0;
				TARGETED_DEVICE_FAMILY = "1,2";
				TEST_HOST = "$(BUILT_PRODUCTS_DIR)/TestSwiftUI.app/TestSwiftUI";
			};
			name = Release;
		};
		BCB0216528B7D1CD00F0189F /* Debug */ = {
			isa = XCBuildConfiguration;
			buildSettings = {
				ALWAYS_EMBED_SWIFT_STANDARD_LIBRARIES = YES;
				CODE_SIGN_STYLE = Automatic;
				CURRENT_PROJECT_VERSION = 1;
				GENERATE_INFOPLIST_FILE = YES;
				MARKETING_VERSION = 1.0;
				PRODUCT_BUNDLE_IDENTIFIER = com.vbat.test.TestSwiftUIUITests;
				PRODUCT_NAME = "$(TARGET_NAME)";
				SWIFT_EMIT_LOC_STRINGS = NO;
				SWIFT_VERSION = 5.0;
				TARGETED_DEVICE_FAMILY = "1,2";
				TEST_TARGET_NAME = TestSwiftUI;
			};
			name = Debug;
		};
		BCB0216628B7D1CD00F0189F /* Release */ = {
			isa = XCBuildConfiguration;
			buildSettings = {
				ALWAYS_EMBED_SWIFT_STANDARD_LIBRARIES = YES;
				CODE_SIGN_STYLE = Automatic;
				CURRENT_PROJECT_VERSION = 1;
				GENERATE_INFOPLIST_FILE = YES;
				MARKETING_VERSION = 1.0;
				PRODUCT_BUNDLE_IDENTIFIER = com.vbat.test.TestSwiftUIUITests;
				PRODUCT_NAME = "$(TARGET_NAME)";
				SWIFT_EMIT_LOC_STRINGS = NO;
				SWIFT_VERSION = 5.0;
				TARGETED_DEVICE_FAMILY = "1,2";
				TEST_TARGET_NAME = TestSwiftUI;
			};
			name = Release;
		};
/* End XCBuildConfiguration section */

/* Begin XCConfigurationList section */
		BCB0213028B7D1CC00F0189F /* Build configuration list for PBXProject "TestSwiftUI" */ = {
			isa = XCConfigurationList;
			buildConfigurations = (
				BCB0215C28B7D1CD00F0189F /* Debug */,
				BCB0215D28B7D1CD00F0189F /* Release */,
			);
			defaultConfigurationIsVisible = 0;
			defaultConfigurationName = Release;
		};
		BCB0215E28B7D1CD00F0189F /* Build configuration list for PBXNativeTarget "TestSwiftUI" */ = {
			isa = XCConfigurationList;
			buildConfigurations = (
				BCB0215F28B7D1CD00F0189F /* Debug */,
				BCB0216028B7D1CD00F0189F /* Release */,
			);
			defaultConfigurationIsVisible = 0;
			defaultConfigurationName = Release;
		};
		BCB0216128B7D1CD00F0189F /* Build configuration list for PBXNativeTarget "TestSwiftUITests" */ = {
			isa = XCConfigurationList;
			buildConfigurations = (
				BCB0216228B7D1CD00F0189F /* Debug */,
				BCB0216328B7D1CD00F0189F /* Release */,
			);
			defaultConfigurationIsVisible = 0;
			defaultConfigurationName = Release;
		};
		BCB0216428B7D1CD00F0189F /* Build configuration list for PBXNativeTarget "TestSwiftUIUITests" */ = {
			isa = XCConfigurationList;
			buildConfigurations = (
				BCB0216528B7D1CD00F0189F /* Debug */,
				BCB0216628B7D1CD00F0189F /* Release */,
			);
			defaultConfigurationIsVisible = 0;
			defaultConfigurationName = Release;
		};
/* End XCConfigurationList section */

/* Begin XCVersionGroup section */
		BCB0214328B7D1CD00F0189F /* TestSwiftUI.xcdatamodeld */ = {
			isa = XCVersionGroup;
			children = (
				BCB0214428B7D1CD00F0189F /* TestSwiftUI.xcdatamodel */,
			);
			currentVersion = BCB0214428B7D1CD00F0189F /* TestSwiftUI.xcdatamodel */;
			path = TestSwiftUI.xcdatamodeld;
			sourceTree = "<group>";
			versionGroupType = wrapper.xcdatamodel;
		};
/* End XCVersionGroup section */
	};
	rootObject = BCB0212D28B7D1CC00F0189F /* Project object */;
}
